
Microsoft Visual Studio Solution File, Format Version 12.00
# Visual Studio Version 16
VisualStudioVersion = 16.0.30002.166
MinimumVisualStudioVersion = 10.0.40219.1
Project("{9A19103F-16F7-4668-BE54-9A1E7A4F7556}") = "XUnitTest", "XUnitTest\XUnitTest.csproj", "{7B514F16-C574-4C36-92F9-A55804B74030}"
EndProject
Project("{9A19103F-16F7-4668-BE54-9A1E7A4F7556}") = "ClassLibrary", "ClassLibrary\ClassLibrary.csproj", "{3437B268-EA8E-4412-99F0-ABEEA67E18B5}"
EndProject
Project("{FAE04EC0-301F-11D3-BF4B-00C04F79EFBC}") = "ComissionGeneratorUWP", "ComissionGeneratorUWP\ComissionGeneratorUWP.csproj", "{6EAF3EC5-5168-4F6F-AA50-BA9EC5B6614B}"
EndProject
Project("{FAE04EC0-301F-11D3-BF4B-00C04F79EFBC}") = "CommissionGeneratorWPF", "CommissionGeneratorWPF\CommissionGeneratorWPF.csproj", "{893E740A-A3BB-4E28-9FE0-E2BB116CDE03}"
EndProject
Global
	GlobalSection(SolutionConfigurationPlatforms) = preSolution
		Debug|Any CPU = Debug|Any CPU
		Debug|ARM = Debug|ARM
		Debug|ARM64 = Debug|ARM64
		Debug|x64 = Debug|x64
		Debug|x86 = Debug|x86
		Release|Any CPU = Release|Any CPU
		Release|ARM = Release|ARM
		Release|ARM64 = Release|ARM64
		Release|x64 = Release|x64
		Release|x86 = Release|x86
	EndGlobalSection
	GlobalSection(ProjectConfigurationPlatforms) = postSolution
		{7B514F16-C574-4C36-92F9-A55804B74030}.Debug|Any CPU.ActiveCfg = Debug|Any CPU
		{7B514F16-C574-4C36-92F9-A55804B74030}.Debug|Any CPU.Build.0 = Debug|Any CPU
		{7B514F16-C574-4C36-92F9-A55804B74030}.Debug|ARM.ActiveCfg = Debug|Any CPU
		{7B514F16-C574-4C36-92F9-A55804B74030}.Debug|ARM.Build.0 = Debug|Any CPU
		{7B514F16-C574-4C36-92F9-A55804B74030}.Debug|ARM64.ActiveCfg = Debug|Any CPU
		{7B514F16-C574-4C36-92F9-A55804B74030}.Debug|ARM64.Build.0 = Debug|Any CPU
		{7B514F16-C574-4C36-92F9-A55804B74030}.Debug|x64.ActiveCfg = Debug|Any CPU
		{7B514F16-C574-4C36-92F9-A55804B74030}.Debug|x64.Build.0 = Debug|Any CPU
		{7B514F16-C574-4C36-92F9-A55804B74030}.Debug|x86.ActiveCfg = Debug|Any CPU
		{7B514F16-C574-4C36-92F9-A55804B74030}.Debug|x86.Build.0 = Debug|Any CPU
		{7B514F16-C574-4C36-92F9-A55804B74030}.Release|Any CPU.ActiveCfg = Release|Any CPU
		{7B514F16-C574-4C36-92F9-A55804B74030}.Release|Any CPU.Build.0 = Release|Any CPU
		{7B514F16-C574-4C36-92F9-A55804B74030}.Release|ARM.ActiveCfg = Release|Any CPU
		{7B514F16-C574-4C36-92F9-A55804B74030}.Release|ARM.Build.0 = Release|Any CPU
		{7B514F16-C574-4C36-92F9-A55804B74030}.Release|ARM64.ActiveCfg = Release|Any CPU
		{7B514F16-C574-4C36-92F9-A55804B74030}.Release|ARM64.Build.0 = Release|Any CPU
		{7B514F16-C574-4C36-92F9-A55804B74030}.Release|x64.ActiveCfg = Release|Any CPU
		{7B514F16-C574-4C36-92F9-A55804B74030}.Release|x64.Build.0 = Release|Any CPU
		{7B514F16-C574-4C36-92F9-A55804B74030}.Release|x86.ActiveCfg = Release|Any CPU
		{7B514F16-C574-4C36-92F9-A55804B74030}.Release|x86.Build.0 = Release|Any CPU
		{3437B268-EA8E-4412-99F0-ABEEA67E18B5}.Debug|Any CPU.ActiveCfg = Debug|Any CPU
		{3437B268-EA8E-4412-99F0-ABEEA67E18B5}.Debug|Any CPU.Build.0 = Debug|Any CPU
		{3437B268-EA8E-4412-99F0-ABEEA67E18B5}.Debug|ARM.ActiveCfg = Debug|Any CPU
		{3437B268-EA8E-4412-99F0-ABEEA67E18B5}.Debug|ARM.Build.0 = Debug|Any CPU
		{3437B268-EA8E-4412-99F0-ABEEA67E18B5}.Debug|ARM64.ActiveCfg = Debug|Any CPU
		{3437B268-EA8E-4412-99F0-ABEEA67E18B5}.Debug|ARM64.Build.0 = Debug|Any CPU
		{3437B268-EA8E-4412-99F0-ABEEA67E18B5}.Debug|x64.ActiveCfg = Debug|Any CPU
		{3437B268-EA8E-4412-99F0-ABEEA67E18B5}.Debug|x64.Build.0 = Debug|Any CPU
		{3437B268-EA8E-4412-99F0-ABEEA67E18B5}.Debug|x86.ActiveCfg = Debug|Any CPU
		{3437B268-EA8E-4412-99F0-ABEEA67E18B5}.Debug|x86.Build.0 = Debug|Any CPU
		{3437B268-EA8E-4412-99F0-ABEEA67E18B5}.Release|Any CPU.ActiveCfg = Release|Any CPU
		{3437B268-EA8E-4412-99F0-ABEEA67E18B5}.Release|Any CPU.Build.0 = Release|Any CPU
		{3437B268-EA8E-4412-99F0-ABEEA67E18B5}.Release|ARM.ActiveCfg = Release|Any CPU
		{3437B268-EA8E-4412-99F0-ABEEA67E18B5}.Release|ARM.Build.0 = Release|Any CPU
		{3437B268-EA8E-4412-99F0-ABEEA67E18B5}.Release|ARM64.ActiveCfg = Release|Any CPU
		{3437B268-EA8E-4412-99F0-ABEEA67E18B5}.Release|ARM64.Build.0 = Release|Any CPU
		{3437B268-EA8E-4412-99F0-ABEEA67E18B5}.Release|x64.ActiveCfg = Release|Any CPU
		{3437B268-EA8E-4412-99F0-ABEEA67E18B5}.Release|x64.Build.0 = Release|Any CPU
		{3437B268-EA8E-4412-99F0-ABEEA67E18B5}.Release|x86.ActiveCfg = Release|Any CPU
		{3437B268-EA8E-4412-99F0-ABEEA67E18B5}.Release|x86.Build.0 = Release|Any CPU
		{6EAF3EC5-5168-4F6F-AA50-BA9EC5B6614B}.Debug|Any CPU.ActiveCfg = Debug|x86
		{6EAF3EC5-5168-4F6F-AA50-BA9EC5B6614B}.Debug|ARM.ActiveCfg = Debug|ARM
		{6EAF3EC5-5168-4F6F-AA50-BA9EC5B6614B}.Debug|ARM.Build.0 = Debug|ARM
		{6EAF3EC5-5168-4F6F-AA50-BA9EC5B6614B}.Debug|ARM.Deploy.0 = Debug|ARM
		{6EAF3EC5-5168-4F6F-AA50-BA9EC5B6614B}.Debug|ARM64.ActiveCfg = Debug|ARM64
		{6EAF3EC5-5168-4F6F-AA50-BA9EC5B6614B}.Debug|ARM64.Build.0 = Debug|ARM64
		{6EAF3EC5-5168-4F6F-AA50-BA9EC5B6614B}.Debug|ARM64.Deploy.0 = Debug|ARM64
		{6EAF3EC5-5168-4F6F-AA50-BA9EC5B6614B}.Debug|x64.ActiveCfg = Debug|x64
		{6EAF3EC5-5168-4F6F-AA50-BA9EC5B6614B}.Debug|x64.Build.0 = Debug|x64
		{6EAF3EC5-5168-4F6F-AA50-BA9EC5B6614B}.Debug|x64.Deploy.0 = Debug|x64
		{6EAF3EC5-5168-4F6F-AA50-BA9EC5B6614B}.Debug|x86.ActiveCfg = Debug|x86
		{6EAF3EC5-5168-4F6F-AA50-BA9EC5B6614B}.Debug|x86.Build.0 = Debug|x86
		{6EAF3EC5-5168-4F6F-AA50-BA9EC5B6614B}.Debug|x86.Deploy.0 = Debug|x86
		{6EAF3EC5-5168-4F6F-AA50-BA9EC5B6614B}.Release|Any CPU.ActiveCfg = Release|x86
		{6EAF3EC5-5168-4F6F-AA50-BA9EC5B6614B}.Release|ARM.ActiveCfg = Release|ARM
		{6EAF3EC5-5168-4F6F-AA50-BA9EC5B6614B}.Release|ARM.Build.0 = Release|ARM
		{6EAF3EC5-5168-4F6F-AA50-BA9EC5B6614B}.Release|ARM.Deploy.0 = Release|ARM
		{6EAF3EC5-5168-4F6F-AA50-BA9EC5B6614B}.Release|ARM64.ActiveCfg = Release|ARM64
		{6EAF3EC5-5168-4F6F-AA50-BA9EC5B6614B}.Release|ARM64.Build.0 = Release|ARM64
		{6EAF3EC5-5168-4F6F-AA50-BA9EC5B6614B}.Release|ARM64.Deploy.0 = Release|ARM64
		{6EAF3EC5-5168-4F6F-AA50-BA9EC5B6614B}.Release|x64.ActiveCfg = Release|x64
		{6EAF3EC5-5168-4F6F-AA50-BA9EC5B6614B}.Release|x64.Build.0 = Release|x64
		{6EAF3EC5-5168-4F6F-AA50-BA9EC5B6614B}.Release|x64.Deploy.0 = Release|x64
		{6EAF3EC5-5168-4F6F-AA50-BA9EC5B6614B}.Release|x86.ActiveCfg = Release|x86
		{6EAF3EC5-5168-4F6F-AA50-BA9EC5B6614B}.Release|x86.Build.0 = Release|x86
		{6EAF3EC5-5168-4F6F-AA50-BA9EC5B6614B}.Release|x86.Deploy.0 = Release|x86
		{893E740A-A3BB-4E28-9FE0-E2BB116CDE03}.Debug|Any CPU.ActiveCfg = Debug|Any CPU
		{893E740A-A3BB-4E28-9FE0-E2BB116CDE03}.Debug|Any CPU.Build.0 = Debug|Any CPU
		{893E740A-A3BB-4E28-9FE0-E2BB116CDE03}.Debug|ARM.ActiveCfg = Debug|Any CPU
		{893E740A-A3BB-4E28-9FE0-E2BB116CDE03}.Debug|ARM.Build.0 = Debug|Any CPU
		{893E740A-A3BB-4E28-9FE0-E2BB116CDE03}.Debug|ARM64.ActiveCfg = Debug|Any CPU
		{893E740A-A3BB-4E28-9FE0-E2BB116CDE03}.Debug|ARM64.Build.0 = Debug|Any CPU
		{893E740A-A3BB-4E28-9FE0-E2BB116CDE03}.Debug|x64.ActiveCfg = Debug|Any CPU
		{893E740A-A3BB-4E28-9FE0-E2BB116CDE03}.Debug|x64.Build.0 = Debug|Any CPU
		{893E740A-A3BB-4E28-9FE0-E2BB116CDE03}.Debug|x86.ActiveCfg = Debug|Any CPU
		{893E740A-A3BB-4E28-9FE0-E2BB116CDE03}.Debug|x86.Build.0 = Debug|Any CPU
		{893E740A-A3BB-4E28-9FE0-E2BB116CDE03}.Release|Any CPU.ActiveCfg = Release|Any CPU
		{893E740A-A3BB-4E28-9FE0-E2BB116CDE03}.Release|Any CPU.Build.0 = Release|Any CPU
		{893E740A-A3BB-4E28-9FE0-E2BB116CDE03}.Release|ARM.ActiveCfg = Release|Any CPU
		{893E740A-A3BB-4E28-9FE0-E2BB116CDE03}.Release|ARM.Build.0 = Release|Any CPU
		{893E740A-A3BB-4E28-9FE0-E2BB116CDE03}.Release|ARM64.ActiveCfg = Release|Any CPU
		{893E740A-A3BB-4E28-9FE0-E2BB116CDE03}.Release|ARM64.Build.0 = Release|Any CPU
		{893E740A-A3BB-4E28-9FE0-E2BB116CDE03}.Release|x64.ActiveCfg = Release|Any CPU
		{893E740A-A3BB-4E28-9FE0-E2BB116CDE03}.Release|x64.Build.0 = Release|Any CPU
		{893E740A-A3BB-4E28-9FE0-E2BB116CDE03}.Release|x86.ActiveCfg = Release|Any CPU
		{893E740A-A3BB-4E28-9FE0-E2BB116CDE03}.Release|x86.Build.0 = Release|Any CPU
	EndGlobalSection
	GlobalSection(SolutionProperties) = preSolution
		HideSolutionNode = FALSE
	EndGlobalSection
	GlobalSection(ExtensibilityGlobals) = postSolution
		SolutionGuid = {CD828907-72E3-47B9-B908-7B2ED2F05CCD}
	EndGlobalSection
EndGlobal
